
Microsoft Visual Studio Solution File, Format Version 12.00
# Visual Studio Version 17
VisualStudioVersion = 17.0.31903.59
MinimumVisualStudioVersion = 10.0.40219.1
Project("{2150E333-8FDC-42A3-9474-1A3956D46DE8}") = "src", "src", "{827E0CD3-B72D-47B6-A68D-7590B98EB39B}"
EndProject
Project("{FAE04EC0-301F-11D3-BF4B-00C04F79EFBC}") = "Simulation", "src\Simulation\Simulation.csproj", "{787D1193-BBD2-4796-BDEE-1A5F35A955A3}"
EndProject
Project("{FAE04EC0-301F-11D3-BF4B-00C04F79EFBC}") = "Simulation.Tests", "src\Simulation.Tests\Simulation.Tests.csproj", "{8179CFE0-7151-4A63-915E-4984D0A030BB}"
EndProject
Project("{2150E333-8FDC-42A3-9474-1A3956D46DE8}") = "tools", "tools", "{07C2787E-EAC7-C090-1BA3-A61EC2A24D84}"
EndProject
Project("{FAE04EC0-301F-11D3-BF4B-00C04F79EFBC}") = "Headless", "tools\Headless\Headless.csproj", "{5CAD3805-34EC-47F9-B6CE-57D2755C8BF8}"
EndProject
Project("{2150E333-8FDC-42A3-9474-1A3956D46DE8}") = "game", "game", "{AE49D761-A782-2099-29A5-159B937B43CB}"
EndProject
Project("{FAE04EC0-301F-11D3-BF4B-00C04F79EFBC}") = "Game", "game\Game.csproj", "{75600DAF-AC11-4E3E-8651-A1014ED666FA}"
EndProject
Global
	GlobalSection(SolutionConfigurationPlatforms) = preSolution
		Debug|Any CPU = Debug|Any CPU
		Debug|x64 = Debug|x64
		Debug|x86 = Debug|x86
		Release|Any CPU = Release|Any CPU
		Release|x64 = Release|x64
		Release|x86 = Release|x86
	EndGlobalSection
	GlobalSection(ProjectConfigurationPlatforms) = postSolution
		{787D1193-BBD2-4796-BDEE-1A5F35A955A3}.Debug|Any CPU.ActiveCfg = Debug|Any CPU
		{787D1193-BBD2-4796-BDEE-1A5F35A955A3}.Debug|Any CPU.Build.0 = Debug|Any CPU
		{787D1193-BBD2-4796-BDEE-1A5F35A955A3}.Debug|x64.ActiveCfg = Debug|Any CPU
		{787D1193-BBD2-4796-BDEE-1A5F35A955A3}.Debug|x64.Build.0 = Debug|Any CPU
		{787D1193-BBD2-4796-BDEE-1A5F35A955A3}.Debug|x86.ActiveCfg = Debug|Any CPU
		{787D1193-BBD2-4796-BDEE-1A5F35A955A3}.Debug|x86.Build.0 = Debug|Any CPU
		{787D1193-BBD2-4796-BDEE-1A5F35A955A3}.Release|Any CPU.ActiveCfg = Release|Any CPU
		{787D1193-BBD2-4796-BDEE-1A5F35A955A3}.Release|Any CPU.Build.0 = Release|Any CPU
		{787D1193-BBD2-4796-BDEE-1A5F35A955A3}.Release|x64.ActiveCfg = Release|Any CPU
		{787D1193-BBD2-4796-BDEE-1A5F35A955A3}.Release|x64.Build.0 = Release|Any CPU
		{787D1193-BBD2-4796-BDEE-1A5F35A955A3}.Release|x86.ActiveCfg = Release|Any CPU
		{787D1193-BBD2-4796-BDEE-1A5F35A955A3}.Release|x86.Build.0 = Release|Any CPU
		{8179CFE0-7151-4A63-915E-4984D0A030BB}.Debug|Any CPU.ActiveCfg = Debug|Any CPU
		{8179CFE0-7151-4A63-915E-4984D0A030BB}.Debug|Any CPU.Build.0 = Debug|Any CPU
		{8179CFE0-7151-4A63-915E-4984D0A030BB}.Debug|x64.ActiveCfg = Debug|Any CPU
		{8179CFE0-7151-4A63-915E-4984D0A030BB}.Debug|x64.Build.0 = Debug|Any CPU
		{8179CFE0-7151-4A63-915E-4984D0A030BB}.Debug|x86.ActiveCfg = Debug|Any CPU
		{8179CFE0-7151-4A63-915E-4984D0A030BB}.Debug|x86.Build.0 = Debug|Any CPU
		{8179CFE0-7151-4A63-915E-4984D0A030BB}.Release|Any CPU.ActiveCfg = Release|Any CPU
		{8179CFE0-7151-4A63-915E-4984D0A030BB}.Release|Any CPU.Build.0 = Release|Any CPU
		{8179CFE0-7151-4A63-915E-4984D0A030BB}.Release|x64.ActiveCfg = Release|Any CPU
		{8179CFE0-7151-4A63-915E-4984D0A030BB}.Release|x64.Build.0 = Release|Any CPU
		{8179CFE0-7151-4A63-915E-4984D0A030BB}.Release|x86.ActiveCfg = Release|Any CPU
		{8179CFE0-7151-4A63-915E-4984D0A030BB}.Release|x86.Build.0 = Release|Any CPU
		{5CAD3805-34EC-47F9-B6CE-57D2755C8BF8}.Debug|Any CPU.ActiveCfg = Debug|Any CPU
		{5CAD3805-34EC-47F9-B6CE-57D2755C8BF8}.Debug|Any CPU.Build.0 = Debug|Any CPU
		{5CAD3805-34EC-47F9-B6CE-57D2755C8BF8}.Debug|x64.ActiveCfg = Debug|Any CPU
		{5CAD3805-34EC-47F9-B6CE-57D2755C8BF8}.Debug|x64.Build.0 = Debug|Any CPU
		{5CAD3805-34EC-47F9-B6CE-57D2755C8BF8}.Debug|x86.ActiveCfg = Debug|Any CPU
		{5CAD3805-34EC-47F9-B6CE-57D2755C8BF8}.Debug|x86.Build.0 = Debug|Any CPU
		{5CAD3805-34EC-47F9-B6CE-57D2755C8BF8}.Release|Any CPU.ActiveCfg = Release|Any CPU
		{5CAD3805-34EC-47F9-B6CE-57D2755C8BF8}.Release|Any CPU.Build.0 = Release|Any CPU
		{5CAD3805-34EC-47F9-B6CE-57D2755C8BF8}.Release|x64.ActiveCfg = Release|Any CPU
		{5CAD3805-34EC-47F9-B6CE-57D2755C8BF8}.Release|x64.Build.0 = Release|Any CPU
		{5CAD3805-34EC-47F9-B6CE-57D2755C8BF8}.Release|x86.ActiveCfg = Release|Any CPU
		{5CAD3805-34EC-47F9-B6CE-57D2755C8BF8}.Release|x86.Build.0 = Release|Any CPU
		{75600DAF-AC11-4E3E-8651-A1014ED666FA}.Debug|Any CPU.ActiveCfg = Debug|Any CPU
		{75600DAF-AC11-4E3E-8651-A1014ED666FA}.Debug|Any CPU.Build.0 = Debug|Any CPU
		{75600DAF-AC11-4E3E-8651-A1014ED666FA}.Debug|x64.ActiveCfg = Debug|Any CPU
		{75600DAF-AC11-4E3E-8651-A1014ED666FA}.Debug|x64.Build.0 = Debug|Any CPU
		{75600DAF-AC11-4E3E-8651-A1014ED666FA}.Debug|x86.ActiveCfg = Debug|Any CPU
		{75600DAF-AC11-4E3E-8651-A1014ED666FA}.Debug|x86.Build.0 = Debug|Any CPU
		{75600DAF-AC11-4E3E-8651-A1014ED666FA}.Release|Any CPU.ActiveCfg = Debug|Any CPU
		{75600DAF-AC11-4E3E-8651-A1014ED666FA}.Release|Any CPU.Build.0 = Debug|Any CPU
		{75600DAF-AC11-4E3E-8651-A1014ED666FA}.Release|x64.ActiveCfg = Debug|Any CPU
		{75600DAF-AC11-4E3E-8651-A1014ED666FA}.Release|x64.Build.0 = Debug|Any CPU
		{75600DAF-AC11-4E3E-8651-A1014ED666FA}.Release|x86.ActiveCfg = Debug|Any CPU
		{75600DAF-AC11-4E3E-8651-A1014ED666FA}.Release|x86.Build.0 = Debug|Any CPU
	EndGlobalSection
	GlobalSection(SolutionProperties) = preSolution
		HideSolutionNode = FALSE
	EndGlobalSection
	GlobalSection(NestedProjects) = preSolution
		{787D1193-BBD2-4796-BDEE-1A5F35A955A3} = {827E0CD3-B72D-47B6-A68D-7590B98EB39B}
		{8179CFE0-7151-4A63-915E-4984D0A030BB} = {827E0CD3-B72D-47B6-A68D-7590B98EB39B}
		{5CAD3805-34EC-47F9-B6CE-57D2755C8BF8} = {07C2787E-EAC7-C090-1BA3-A61EC2A24D84}
		{75600DAF-AC11-4E3E-8651-A1014ED666FA} = {AE49D761-A782-2099-29A5-159B937B43CB}
	EndGlobalSection
EndGlobal
